// !$*UTF8*$!
{
	archiveVersion = 1;
	classes = {
	};
	objectVersion = 46;
	objects = {

/* Begin PBXBuildFile section */
		B81EC36218F7AEB500169C3D /* Foundation.framework in Frameworks */ = {isa = PBXBuildFile; fileRef = B81EC36118F7AEB500169C3D /* Foundation.framework */; };
		B81EC36418F7AEB500169C3D /* CoreGraphics.framework in Frameworks */ = {isa = PBXBuildFile; fileRef = B81EC36318F7AEB500169C3D /* CoreGraphics.framework */; };
		B81EC36618F7AEB500169C3D /* UIKit.framework in Frameworks */ = {isa = PBXBuildFile; fileRef = B81EC36518F7AEB500169C3D /* UIKit.framework */; };
		B81EC36C18F7AEB500169C3D /* InfoPlist.strings in Resources */ = {isa = PBXBuildFile; fileRef = B81EC36A18F7AEB500169C3D /* InfoPlist.strings */; };
		B81EC36E18F7AEB500169C3D /* main.m in Sources */ = {isa = PBXBuildFile; fileRef = B81EC36D18F7AEB500169C3D /* main.m */; };
		B81EC37218F7AEB500169C3D /* CCAppDelegate.m in Sources */ = {isa = PBXBuildFile; fileRef = B81EC37118F7AEB500169C3D /* CCAppDelegate.m */; };
		B81EC37518F7AEB500169C3D /* Main.storyboard in Resources */ = {isa = PBXBuildFile; fileRef = B81EC37318F7AEB500169C3D /* Main.storyboard */; };
		B81EC37818F7AEB500169C3D /* CCViewController.m in Sources */ = {isa = PBXBuildFile; fileRef = B81EC37718F7AEB500169C3D /* CCViewController.m */; };
		B81EC37A18F7AEB500169C3D /* Images.xcassets in Resources */ = {isa = PBXBuildFile; fileRef = B81EC37918F7AEB500169C3D /* Images.xcassets */; };
		B81EC38118F7AEB500169C3D /* XCTest.framework in Frameworks */ = {isa = PBXBuildFile; fileRef = B81EC38018F7AEB500169C3D /* XCTest.framework */; };
		B81EC38218F7AEB500169C3D /* Foundation.framework in Frameworks */ = {isa = PBXBuildFile; fileRef = B81EC36118F7AEB500169C3D /* Foundation.framework */; };
		B81EC38318F7AEB500169C3D /* UIKit.framework in Frameworks */ = {isa = PBXBuildFile; fileRef = B81EC36518F7AEB500169C3D /* UIKit.framework */; };
		B81EC38B18F7AEB500169C3D /* InfoPlist.strings in Resources */ = {isa = PBXBuildFile; fileRef = B81EC38918F7AEB500169C3D /* InfoPlist.strings */; };
		B81EC38D18F7AEB500169C3D /* Git_TestTests.m in Sources */ = {isa = PBXBuildFile; fileRef = B81EC38C18F7AEB500169C3D /* Git_TestTests.m */; };
		B81EC39818F7B54400169C3D /* CCTest.m in Sources */ = {isa = PBXBuildFile; fileRef = B81EC39718F7B54400169C3D /* CCTest.m */; };
/* End PBXBuildFile section */

/* Begin PBXContainerItemProxy section */
		B81EC38418F7AEB500169C3D /* PBXContainerItemProxy */ = {
			isa = PBXContainerItemProxy;
			containerPortal = B81EC35618F7AEB500169C3D /* Project object */;
			proxyType = 1;
			remoteGlobalIDString = B81EC35D18F7AEB500169C3D;
			remoteInfo = "Git Test";
		};
/* End PBXContainerItemProxy section */

/* Begin PBXFileReference section */
		B81EC35E18F7AEB500169C3D /* Git Test.app */ = {isa = PBXFileReference; explicitFileType = wrapper.application; includeInIndex = 0; path = "Git Test.app"; sourceTree = BUILT_PRODUCTS_DIR; };
		B81EC36118F7AEB500169C3D /* Foundation.framework */ = {isa = PBXFileReference; lastKnownFileType = wrapper.framework; name = Foundation.framework; path = System/Library/Frameworks/Foundation.framework; sourceTree = SDKROOT; };
		B81EC36318F7AEB500169C3D /* CoreGraphics.framework */ = {isa = PBXFileReference; lastKnownFileType = wrapper.framework; name = CoreGraphics.framework; path = System/Library/Frameworks/CoreGraphics.framework; sourceTree = SDKROOT; };
		B81EC36518F7AEB500169C3D /* UIKit.framework */ = {isa = PBXFileReference; lastKnownFileType = wrapper.framework; name = UIKit.framework; path = System/Library/Frameworks/UIKit.framework; sourceTree = SDKROOT; };
		B81EC36918F7AEB500169C3D /* Git Test-Info.plist */ = {isa = PBXFileReference; lastKnownFileType = text.plist.xml; path = "Git Test-Info.plist"; sourceTree = "<group>"; };
		B81EC36B18F7AEB500169C3D /* en */ = {isa = PBXFileReference; lastKnownFileType = text.plist.strings; name = en; path = en.lproj/InfoPlist.strings; sourceTree = "<group>"; };
		B81EC36D18F7AEB500169C3D /* main.m */ = {isa = PBXFileReference; lastKnownFileType = sourcecode.c.objc; path = main.m; sourceTree = "<group>"; };
		B81EC36F18F7AEB500169C3D /* Git Test-Prefix.pch */ = {isa = PBXFileReference; lastKnownFileType = sourcecode.c.h; path = "Git Test-Prefix.pch"; sourceTree = "<group>"; };
		B81EC37018F7AEB500169C3D /* CCAppDelegate.h */ = {isa = PBXFileReference; lastKnownFileType = sourcecode.c.h; path = CCAppDelegate.h; sourceTree = "<group>"; };
		B81EC37118F7AEB500169C3D /* CCAppDelegate.m */ = {isa = PBXFileReference; lastKnownFileType = sourcecode.c.objc; path = CCAppDelegate.m; sourceTree = "<group>"; };
		B81EC37418F7AEB500169C3D /* Base */ = {isa = PBXFileReference; lastKnownFileType = file.storyboard; name = Base; path = Base.lproj/Main.storyboard; sourceTree = "<group>"; };
		B81EC37618F7AEB500169C3D /* CCViewController.h */ = {isa = PBXFileReference; lastKnownFileType = sourcecode.c.h; path = CCViewController.h; sourceTree = "<group>"; };
		B81EC37718F7AEB500169C3D /* CCViewController.m */ = {isa = PBXFileReference; lastKnownFileType = sourcecode.c.objc; path = CCViewController.m; sourceTree = "<group>"; };
		B81EC37918F7AEB500169C3D /* Images.xcassets */ = {isa = PBXFileReference; lastKnownFileType = folder.assetcatalog; path = Images.xcassets; sourceTree = "<group>"; };
		B81EC37F18F7AEB500169C3D /* Git TestTests.xctest */ = {isa = PBXFileReference; explicitFileType = wrapper.cfbundle; includeInIndex = 0; path = "Git TestTests.xctest"; sourceTree = BUILT_PRODUCTS_DIR; };
		B81EC38018F7AEB500169C3D /* XCTest.framework */ = {isa = PBXFileReference; lastKnownFileType = wrapper.framework; name = XCTest.framework; path = Library/Frameworks/XCTest.framework; sourceTree = DEVELOPER_DIR; };
		B81EC38818F7AEB500169C3D /* Git TestTests-Info.plist */ = {isa = PBXFileReference; lastKnownFileType = text.plist.xml; path = "Git TestTests-Info.plist"; sourceTree = "<group>"; };
		B81EC38A18F7AEB500169C3D /* en */ = {isa = PBXFileReference; lastKnownFileType = text.plist.strings; name = en; path = en.lproj/InfoPlist.strings; sourceTree = "<group>"; };
		B81EC38C18F7AEB500169C3D /* Git_TestTests.m */ = {isa = PBXFileReference; lastKnownFileType = sourcecode.c.objc; path = Git_TestTests.m; sourceTree = "<group>"; };
		B81EC39618F7B54400169C3D /* CCTest.h */ = {isa = PBXFileReference; fileEncoding = 4; lastKnownFileType = sourcecode.c.h; path = CCTest.h; sourceTree = "<group>"; };
		B81EC39718F7B54400169C3D /* CCTest.m */ = {isa = PBXFileReference; fileEncoding = 4; lastKnownFileType = sourcecode.c.objc; path = CCTest.m; sourceTree = "<group>"; };
/* End PBXFileReference section */

/* Begin PBXFrameworksBuildPhase section */
		B81EC35B18F7AEB500169C3D /* Frameworks */ = {
			isa = PBXFrameworksBuildPhase;
			buildActionMask = 2147483647;
			files = (
				B81EC36418F7AEB500169C3D /* CoreGraphics.framework in Frameworks */,
				B81EC36618F7AEB500169C3D /* UIKit.framework in Frameworks */,
				B81EC36218F7AEB500169C3D /* Foundation.framework in Frameworks */,
			);
			runOnlyForDeploymentPostprocessing = 0;
		};
		B81EC37C18F7AEB500169C3D /* Frameworks */ = {
			isa = PBXFrameworksBuildPhase;
			buildActionMask = 2147483647;
			files = (
				B81EC38118F7AEB500169C3D /* XCTest.framework in Frameworks */,
				B81EC38318F7AEB500169C3D /* UIKit.framework in Frameworks */,
				B81EC38218F7AEB500169C3D /* Foundation.framework in Frameworks */,
			);
			runOnlyForDeploymentPostprocessing = 0;
		};
/* End PBXFrameworksBuildPhase section */

/* Begin PBXGroup section */
		B81EC35518F7AEB500169C3D = {
			isa = PBXGroup;
			children = (
				B81EC36718F7AEB500169C3D /* Git Test */,
				B81EC38618F7AEB500169C3D /* Git TestTests */,
				B81EC36018F7AEB500169C3D /* Frameworks */,
				B81EC35F18F7AEB500169C3D /* Products */,
			);
			sourceTree = "<group>";
		};
		B81EC35F18F7AEB500169C3D /* Products */ = {
			isa = PBXGroup;
			children = (
				B81EC35E18F7AEB500169C3D /* Git Test.app */,
				B81EC37F18F7AEB500169C3D /* Git TestTests.xctest */,
			);
			name = Products;
			sourceTree = "<group>";
		};
		B81EC36018F7AEB500169C3D /* Frameworks */ = {
			isa = PBXGroup;
			children = (
				B81EC36118F7AEB500169C3D /* Foundation.framework */,
				B81EC36318F7AEB500169C3D /* CoreGraphics.framework */,
				B81EC36518F7AEB500169C3D /* UIKit.framework */,
				B81EC38018F7AEB500169C3D /* XCTest.framework */,
			);
			name = Frameworks;
			sourceTree = "<group>";
		};
		B81EC36718F7AEB500169C3D /* Git Test */ = {
			isa = PBXGroup;
			children = (
				B81EC37018F7AEB500169C3D /* CCAppDelegate.h */,
				B81EC37118F7AEB500169C3D /* CCAppDelegate.m */,
				B81EC37318F7AEB500169C3D /* Main.storyboard */,
				B81EC37618F7AEB500169C3D /* CCViewController.h */,
				B81EC37718F7AEB500169C3D /* CCViewController.m */,
				B81EC39618F7B54400169C3D /* CCTest.h */,
				B81EC39718F7B54400169C3D /* CCTest.m */,
				B81EC37918F7AEB500169C3D /* Images.xcassets */,
				B81EC36818F7AEB500169C3D /* Supporting Files */,
			);
			path = "Git Test";
			sourceTree = "<group>";
		};
		B81EC36818F7AEB500169C3D /* Supporting Files */ = {
			isa = PBXGroup;
			children = (
				B81EC36918F7AEB500169C3D /* Git Test-Info.plist */,
				B81EC36A18F7AEB500169C3D /* InfoPlist.strings */,
				B81EC36D18F7AEB500169C3D /* main.m */,
				B81EC36F18F7AEB500169C3D /* Git Test-Prefix.pch */,
			);
			name = "Supporting Files";
			sourceTree = "<group>";
		};
		B81EC38618F7AEB500169C3D /* Git TestTests */ = {
			isa = PBXGroup;
			children = (
				B81EC38C18F7AEB500169C3D /* Git_TestTests.m */,
				B81EC38718F7AEB500169C3D /* Supporting Files */,
			);
			path = "Git TestTests";
			sourceTree = "<group>";
		};
		B81EC38718F7AEB500169C3D /* Supporting Files */ = {
			isa = PBXGroup;
			children = (
				B81EC38818F7AEB500169C3D /* Git TestTests-Info.plist */,
				B81EC38918F7AEB500169C3D /* InfoPlist.strings */,
			);
			name = "Supporting Files";
			sourceTree = "<group>";
		};
/* End PBXGroup section */

/* Begin PBXNativeTarget section */
		B81EC35D18F7AEB500169C3D /* Git Test */ = {
			isa = PBXNativeTarget;
			buildConfigurationList = B81EC39018F7AEB500169C3D /* Build configuration list for PBXNativeTarget "Git Test" */;
			buildPhases = (
				B81EC35A18F7AEB500169C3D /* Sources */,
				B81EC35B18F7AEB500169C3D /* Frameworks */,
				B81EC35C18F7AEB500169C3D /* Resources */,
			);
			buildRules = (
			);
			dependencies = (
			);
			name = "Git Test";
			productName = "Git Test";
			productReference = B81EC35E18F7AEB500169C3D /* Git Test.app */;
			productType = "com.apple.product-type.application";
		};
		B81EC37E18F7AEB500169C3D /* Git TestTests */ = {
			isa = PBXNativeTarget;
			buildConfigurationList = B81EC39318F7AEB500169C3D /* Build configuration list for PBXNativeTarget "Git TestTests" */;
			buildPhases = (
				B81EC37B18F7AEB500169C3D /* Sources */,
				B81EC37C18F7AEB500169C3D /* Frameworks */,
				B81EC37D18F7AEB500169C3D /* Resources */,
			);
			buildRules = (
			);
			dependencies = (
				B81EC38518F7AEB500169C3D /* PBXTargetDependency */,
			);
			name = "Git TestTests";
			productName = "Git TestTests";
			productReference = B81EC37F18F7AEB500169C3D /* Git TestTests.xctest */;
			productType = "com.apple.product-type.bundle.unit-test";
		};
/* End PBXNativeTarget section */

/* Begin PBXProject section */
		B81EC35618F7AEB500169C3D /* Project object */ = {
			isa = PBXProject;
			attributes = {
				CLASSPREFIX = CC;
				LastUpgradeCheck = 0510;
				ORGANIZATIONNAME = "Dieter Bergmann";
				TargetAttributes = {
					B81EC37E18F7AEB500169C3D = {
						TestTargetID = B81EC35D18F7AEB500169C3D;
					};
				};
			};
			buildConfigurationList = B81EC35918F7AEB500169C3D /* Build configuration list for PBXProject "Git Test" */;
			compatibilityVersion = "Xcode 3.2";
			developmentRegion = English;
			hasScannedForEncodings = 0;
			knownRegions = (
				en,
				Base,
			);
			mainGroup = B81EC35518F7AEB500169C3D;
			productRefGroup = B81EC35F18F7AEB500169C3D /* Products */;
			projectDirPath = "";
			projectRoot = "";
			targets = (
				B81EC35D18F7AEB500169C3D /* Git Test */,
				B81EC37E18F7AEB500169C3D /* Git TestTests */,
			);
		};
/* End PBXProject section */

/* Begin PBXResourcesBuildPhase section */
		B81EC35C18F7AEB500169C3D /* Resources */ = {
			isa = PBXResourcesBuildPhase;
			buildActionMask = 2147483647;
			files = (
				B81EC37A18F7AEB500169C3D /* Images.xcassets in Resources */,
				B81EC36C18F7AEB500169C3D /* InfoPlist.strings in Resources */,
				B81EC37518F7AEB500169C3D /* Main.storyboard in Resources */,
			);
			runOnlyForDeploymentPostprocessing = 0;
		};
		B81EC37D18F7AEB500169C3D /* Resources */ = {
			isa = PBXResourcesBuildPhase;
			buildActionMask = 2147483647;
			files = (
				B81EC38B18F7AEB500169C3D /* InfoPlist.strings in Resources */,
			);
			runOnlyForDeploymentPostprocessing = 0;
		};
/* End PBXResourcesBuildPhase section */

/* Begin PBXSourcesBuildPhase section */
		B81EC35A18F7AEB500169C3D /* Sources */ = {
			isa = PBXSourcesBuildPhase;
			buildActionMask = 2147483647;
			files = (
				B81EC37218F7AEB500169C3D /* CCAppDelegate.m in Sources */,
				B81EC39818F7B54400169C3D /* CCTest.m in Sources */,
				B81EC36E18F7AEB500169C3D /* main.m in Sources */,
				B81EC37818F7AEB500169C3D /* CCViewController.m in Sources */,
			);
			runOnlyForDeploymentPostprocessing = 0;
		};
		B81EC37B18F7AEB500169C3D /* Sources */ = {
			isa = PBXSourcesBuildPhase;
			buildActionMask = 2147483647;
			files = (
				B81EC38D18F7AEB500169C3D /* Git_TestTests.m in Sources */,
			);
			runOnlyForDeploymentPostprocessing = 0;
		};
/* End PBXSourcesBuildPhase section */

/* Begin PBXTargetDependency section */
		B81EC38518F7AEB500169C3D /* PBXTargetDependency */ = {
			isa = PBXTargetDependency;
			target = B81EC35D18F7AEB500169C3D /* Git Test */;
			targetProxy = B81EC38418F7AEB500169C3D /* PBXContainerItemProxy */;
		};
/* End PBXTargetDependency section */

/* Begin PBXVariantGroup section */
		B81EC36A18F7AEB500169C3D /* InfoPlist.strings */ = {
			isa = PBXVariantGroup;
			children = (
				B81EC36B18F7AEB500169C3D /* en */,
			);
			name = InfoPlist.strings;
			sourceTree = "<group>";
		};
		B81EC37318F7AEB500169C3D /* Main.storyboard */ = {
			isa = PBXVariantGroup;
			children = (
				B81EC37418F7AEB500169C3D /* Base */,
			);
			name = Main.storyboard;
			sourceTree = "<group>";
		};
		B81EC38918F7AEB500169C3D /* InfoPlist.strings */ = {
			isa = PBXVariantGroup;
			children = (
				B81EC38A18F7AEB500169C3D /* en */,
			);
			name = InfoPlist.strings;
			sourceTree = "<group>";
		};
/* End PBXVariantGroup section */

/* Begin XCBuildConfiguration section */
		B81EC38E18F7AEB500169C3D /* Debug */ = {
			isa = XCBuildConfiguration;
			buildSettings = {
				ALWAYS_SEARCH_USER_PATHS = NO;
				CLANG_CXX_LANGUAGE_STANDARD = "gnu++0x";
				CLANG_CXX_LIBRARY = "libc++";
				CLANG_ENABLE_MODULES = YES;
				CLANG_ENABLE_OBJC_ARC = YES;
				CLANG_WARN_BOOL_CONVERSION = YES;
				CLANG_WARN_CONSTANT_CONVERSION = YES;
				CLANG_WARN_DIRECT_OBJC_ISA_USAGE = YES_ERROR;
				CLANG_WARN_EMPTY_BODY = YES;
				CLANG_WARN_ENUM_CONVERSION = YES;
				CLANG_WARN_INT_CONVERSION = YES;
				CLANG_WARN_OBJC_ROOT_CLASS = YES_ERROR;
				CLANG_WARN__DUPLICATE_METHOD_MATCH = YES;
				"CODE_SIGN_IDENTITY[sdk=iphoneos*]" = "iPhone Developer";
				COPY_PHASE_STRIP = NO;
				GCC_C_LANGUAGE_STANDARD = gnu99;
				GCC_DYNAMIC_NO_PIC = NO;
				GCC_OPTIMIZATION_LEVEL = 0;
				GCC_PREPROCESSOR_DEFINITIONS = (
					"DEBUG=1",
					"$(inherited)",
				);
				GCC_SYMBOLS_PRIVATE_EXTERN = NO;
				GCC_WARN_64_TO_32_BIT_CONVERSION = YES;
				GCC_WARN_ABOUT_RETURN_TYPE = YES_ERROR;
				GCC_WARN_UNDECLARED_SELECTOR = YES;
				GCC_WARN_UNINITIALIZED_AUTOS = YES_AGGRESSIVE;
				GCC_WARN_UNUSED_FUNCTION = YES;
				GCC_WARN_UNUSED_VARIABLE = YES;
				IPHONEOS_DEPLOYMENT_TARGET = 7.1;
				ONLY_ACTIVE_ARCH = YES;
				SDKROOT = iphoneos;
			};
			name = Debug;
		};
		B81EC38F18F7AEB500169C3D /* Release */ = {
			isa = XCBuildConfiguration;
			buildSettings = {
				ALWAYS_SEARCH_USER_PATHS = NO;
				CLANG_CXX_LANGUAGE_STANDARD = "gnu++0x";
				CLANG_CXX_LIBRARY = "libc++";
				CLANG_ENABLE_MODULES = YES;
				CLANG_ENABLE_OBJC_ARC = YES;
				CLANG_WARN_BOOL_CONVERSION = YES;
				CLANG_WARN_CONSTANT_CONVERSION = YES;
				CLANG_WARN_DIRECT_OBJC_ISA_USAGE = YES_ERROR;
				CLANG_WARN_EMPTY_BODY = YES;
				CLANG_WARN_ENUM_CONVERSION = YES;
				CLANG_WARN_INT_CONVERSION = YES;
				CLANG_WARN_OBJC_ROOT_CLASS = YES_ERROR;
				CLANG_WARN__DUPLICATE_METHOD_MATCH = YES;
				"CODE_SIGN_IDENTITY[sdk=iphoneos*]" = "iPhone Developer";
				COPY_PHASE_STRIP = YES;
				ENABLE_NS_ASSERTIONS = NO;
				GCC_C_LANGUAGE_STANDARD = gnu99;
				GCC_WARN_64_TO_32_BIT_CONVERSION = YES;
				GCC_WARN_ABOUT_RETURN_TYPE = YES_ERROR;
				GCC_WARN_UNDECLARED_SELECTOR = YES;
				GCC_WARN_UNINITIALIZED_AUTOS = YES_AGGRESSIVE;
				GCC_WARN_UNUSED_FUNCTION = YES;
				GCC_WARN_UNUSED_VARIABLE = YES;
				IPHONEOS_DEPLOYMENT_TARGET = 7.1;
				SDKROOT = iphoneos;
				VALIDATE_PRODUCT = YES;
			};
			name = Release;
		};
		B81EC39118F7AEB500169C3D /* Debug */ = {
			isa = XCBuildConfiguration;
			buildSettings = {
				ASSETCATALOG_COMPILER_APPICON_NAME = AppIcon;
				ASSETCATALOG_COMPILER_LAUNCHIMAGE_NAME = LaunchImage;
				GCC_PRECOMPILE_PREFIX_HEADER = YES;
				GCC_PREFIX_HEADER = "Git Test/Git Test-Prefix.pch";
				INFOPLIST_FILE = "Git Test/Git Test-Info.plist";
				PRODUCT_NAME = "$(TARGET_NAME)";
				WRAPPER_EXTENSION = app;
			};
			name = Debug;
		};
		B81EC39218F7AEB500169C3D /* Release */ = {
			isa = XCBuildConfiguration;
			buildSettings = {
				ASSETCATALOG_COMPILER_APPICON_NAME = AppIcon;
				ASSETCATALOG_COMPILER_LAUNCHIMAGE_NAME = LaunchImage;
				GCC_PRECOMPILE_PREFIX_HEADER = YES;
				GCC_PREFIX_HEADER = "Git Test/Git Test-Prefix.pch";
				INFOPLIST_FILE = "Git Test/Git Test-Info.plist";
				PRODUCT_NAME = "$(TARGET_NAME)";
				WRAPPER_EXTENSION = app;
			};
			name = Release;
		};
		B81EC39418F7AEB500169C3D /* Debug */ = {
			isa = XCBuildConfiguration;
			buildSettings = {
				BUNDLE_LOADER = "$(BUILT_PRODUCTS_DIR)/Git Test.app/Git Test";
				FRAMEWORK_SEARCH_PATHS = (
					"$(SDKROOT)/Developer/Library/Frameworks",
					"$(inherited)",
					"$(DEVELOPER_FRAMEWORKS_DIR)",
				);
				GCC_PRECOMPILE_PREFIX_HEADER = YES;
				GCC_PREFIX_HEADER = "Git Test/Git Test-Prefix.pch";
				GCC_PREPROCESSOR_DEFINITIONS = (
					"DEBUG=1",
					"$(inherited)",
				);
				INFOPLIST_FILE = "Git TestTests/Git TestTests-Info.plist";
				PRODUCT_NAME = "$(TARGET_NAME)";
				TEST_HOST = "$(BUNDLE_LOADER)";
				WRAPPER_EXTENSION = xctest;
			};
			name = Debug;
		};
		B81EC39518F7AEB500169C3D /* Release */ = {
			isa = XCBuildConfiguration;
			buildSettings = {
				BUNDLE_LOADER = "$(BUILT_PRODUCTS_DIR)/Git Test.app/Git Test";
				FRAMEWORK_SEARCH_PATHS = (
					"$(SDKROOT)/Developer/Library/Frameworks",
					"$(inherited)",
					"$(DEVELOPER_FRAMEWORKS_DIR)",
				);
				GCC_PRECOMPILE_PREFIX_HEADER = YES;
				GCC_PREFIX_HEADER = "Git Test/Git Test-Prefix.pch";
				INFOPLIST_FILE = "Git TestTests/Git TestTests-Info.plist";
				PRODUCT_NAME = "$(TARGET_NAME)";
				TEST_HOST = "$(BUNDLE_LOADER)";
				WRAPPER_EXTENSION = xctest;
			};
			name = Release;
		};
/* End XCBuildConfiguration section */

/* Begin XCConfigurationList section */
		B81EC35918F7AEB500169C3D /* Build configuration list for PBXProject "Git Test" */ = {
			isa = XCConfigurationList;
			buildConfigurations = (
				B81EC38E18F7AEB500169C3D /* Debug */,
				B81EC38F18F7AEB500169C3D /* Release */,
			);
			defaultConfigurationIsVisible = 0;
			defaultConfigurationName = Release;
		};
		B81EC39018F7AEB500169C3D /* Build configuration list for PBXNativeTarget "Git Test" */ = {
			isa = XCConfigurationList;
			buildConfigurations = (
				B81EC39118F7AEB500169C3D /* Debug */,
				B81EC39218F7AEB500169C3D /* Release */,
			);
			defaultConfigurationIsVisible = 0;
		};
		B81EC39318F7AEB500169C3D /* Build configuration list for PBXNativeTarget "Git TestTests" */ = {
			isa = XCConfigurationList;
			buildConfigurations = (
				B81EC39418F7AEB500169C3D /* Debug */,
				B81EC39518F7AEB500169C3D /* Release */,
			);
			defaultConfigurationIsVisible = 0;
		};
/* End XCConfigurationList section */
	};
	rootObject = B81EC35618F7AEB500169C3D /* Project object */;
}
